
Microsoft Visual Studio Solution File, Format Version 12.00
# Visual Studio Version 17
VisualStudioVersion = 17.0.32014.148
MinimumVisualStudioVersion = 10.0.40219.1
Project("{9A19103F-16F7-4668-BE54-9A1E7A4F7556}") = "ComicRack.Plugin.Avif", "ComicRack.Plugin.Avif.csproj", "{FCD2674B-C9B1-409E-86C4-FEC6CA0F57E0}"
EndProject
Project("{9A19103F-16F7-4668-BE54-9A1E7A4F7556}") = "dll_test", ".\dll_test\dll_test.csproj", "{E487E89F-DF11-401B-8AF9-6AB3C2B8A432}"
EndProject
Project("{8BC9CEB8-8B4A-11D0-8D11-00A0C91BC942}") = "libfunc", ".\libfunc\libfunc.vcxproj", "{096CDABC-6AD4-418E-BBF4-5C3B15375EF1}"
EndProject
Global
	GlobalSection(SolutionConfigurationPlatforms) = preSolution
		Debug|Any CPU = Debug|Any CPU
		Debug|x64 = Debug|x64
		Debug|x86 = Debug|x86
		Release|Any CPU = Release|Any CPU
		Release|x64 = Release|x64
		Release|x86 = Release|x86
	EndGlobalSection
	GlobalSection(ProjectConfigurationPlatforms) = postSolution
		{FCD2674B-C9B1-409E-86C4-FEC6CA0F57E0}.Debug|Any CPU.ActiveCfg = Debug|Any CPU
		{FCD2674B-C9B1-409E-86C4-FEC6CA0F57E0}.Debug|Any CPU.Build.0 = Debug|Any CPU
		{FCD2674B-C9B1-409E-86C4-FEC6CA0F57E0}.Debug|x64.ActiveCfg = Debug|Any CPU
		{FCD2674B-C9B1-409E-86C4-FEC6CA0F57E0}.Debug|x64.Build.0 = Debug|Any CPU
		{FCD2674B-C9B1-409E-86C4-FEC6CA0F57E0}.Debug|x86.ActiveCfg = Debug|Any CPU
		{FCD2674B-C9B1-409E-86C4-FEC6CA0F57E0}.Debug|x86.Build.0 = Debug|Any CPU
		{FCD2674B-C9B1-409E-86C4-FEC6CA0F57E0}.Release|Any CPU.ActiveCfg = Release|Any CPU
		{FCD2674B-C9B1-409E-86C4-FEC6CA0F57E0}.Release|Any CPU.Build.0 = Release|Any CPU
		{FCD2674B-C9B1-409E-86C4-FEC6CA0F57E0}.Release|x64.ActiveCfg = Release|Any CPU
		{FCD2674B-C9B1-409E-86C4-FEC6CA0F57E0}.Release|x64.Build.0 = Release|Any CPU
		{FCD2674B-C9B1-409E-86C4-FEC6CA0F57E0}.Release|x86.ActiveCfg = Release|Any CPU
		{FCD2674B-C9B1-409E-86C4-FEC6CA0F57E0}.Release|x86.Build.0 = Release|Any CPU
		{E487E89F-DF11-401B-8AF9-6AB3C2B8A432}.Debug|Any CPU.ActiveCfg = Debug|Any CPU
		{E487E89F-DF11-401B-8AF9-6AB3C2B8A432}.Debug|Any CPU.Build.0 = Debug|Any CPU
		{E487E89F-DF11-401B-8AF9-6AB3C2B8A432}.Debug|x64.ActiveCfg = Debug|Any CPU
		{E487E89F-DF11-401B-8AF9-6AB3C2B8A432}.Debug|x64.Build.0 = Debug|Any CPU
		{E487E89F-DF11-401B-8AF9-6AB3C2B8A432}.Debug|x86.ActiveCfg = Debug|Any CPU
		{E487E89F-DF11-401B-8AF9-6AB3C2B8A432}.Debug|x86.Build.0 = Debug|Any CPU
		{E487E89F-DF11-401B-8AF9-6AB3C2B8A432}.Release|Any CPU.ActiveCfg = Release|Any CPU
		{E487E89F-DF11-401B-8AF9-6AB3C2B8A432}.Release|Any CPU.Build.0 = Release|Any CPU
		{E487E89F-DF11-401B-8AF9-6AB3C2B8A432}.Release|x64.ActiveCfg = Release|Any CPU
		{E487E89F-DF11-401B-8AF9-6AB3C2B8A432}.Release|x64.Build.0 = Release|Any CPU
		{E487E89F-DF11-401B-8AF9-6AB3C2B8A432}.Release|x86.ActiveCfg = Release|Any CPU
		{E487E89F-DF11-401B-8AF9-6AB3C2B8A432}.Release|x86.Build.0 = Release|Any CPU
		{096CDABC-6AD4-418E-BBF4-5C3B15375EF1}.Debug|Any CPU.ActiveCfg = Debug|x64
		{096CDABC-6AD4-418E-BBF4-5C3B15375EF1}.Debug|Any CPU.Build.0 = Debug|x64
		{096CDABC-6AD4-418E-BBF4-5C3B15375EF1}.Debug|x64.ActiveCfg = Debug|x64
		{096CDABC-6AD4-418E-BBF4-5C3B15375EF1}.Debug|x64.Build.0 = Debug|x64
		{096CDABC-6AD4-418E-BBF4-5C3B15375EF1}.Debug|x86.ActiveCfg = Debug|Win32
		{096CDABC-6AD4-418E-BBF4-5C3B15375EF1}.Debug|x86.Build.0 = Debug|Win32
		{096CDABC-6AD4-418E-BBF4-5C3B15375EF1}.Release|Any CPU.ActiveCfg = Release|x64
		{096CDABC-6AD4-418E-BBF4-5C3B15375EF1}.Release|Any CPU.Build.0 = Release|x64
		{096CDABC-6AD4-418E-BBF4-5C3B15375EF1}.Release|x64.ActiveCfg = Release|x64
		{096CDABC-6AD4-418E-BBF4-5C3B15375EF1}.Release|x64.Build.0 = Release|x64
		{096CDABC-6AD4-418E-BBF4-5C3B15375EF1}.Release|x86.ActiveCfg = Release|Win32
		{096CDABC-6AD4-418E-BBF4-5C3B15375EF1}.Release|x86.Build.0 = Release|Win32
	EndGlobalSection
	GlobalSection(SolutionProperties) = preSolution
		HideSolutionNode = FALSE
	EndGlobalSection
	GlobalSection(ExtensibilityGlobals) = postSolution
		SolutionGuid = {148CA09D-DE8A-4F84-A4BC-6465BE2817A6}
	EndGlobalSection
EndGlobal
